# THIS IS AN AUTOGENERATED FILE. DO NOT EDIT THIS FILE DIRECTLY.
# yarn lockfile v1


"@alloc/quick-lru@^5.2.0":
  version "5.2.0"
  resolved "https://registry.npmjs.org/@alloc/quick-lru/-/quick-lru-5.2.0.tgz"
  integrity sha512-UrcABB+4bUrFABwbluTIBErXwvbsU/V7TZWfmbgJfbkwiBuziS9gxdODUyuiecfdGQ85jglMW6juS3+z5TsKLw==

"@img/sharp-libvips-linux-x64@1.1.0":
  version "1.1.0"
  resolved "https://registry.npmjs.org/@img/sharp-libvips-linux-x64/-/sharp-libvips-linux-x64-1.1.0.tgz"
  integrity sha512-yRj2+reB8iMg9W5sULM3S74jVS7zqSzHG3Ol/twnAAkAhnGQnpjj6e4ayUz7V+FpKypwgs82xbRdYtchTTUB+Q==

"@img/sharp-libvips-linuxmusl-x64@1.1.0":
  version "1.1.0"
  resolved "https://registry.npmjs.org/@img/sharp-libvips-linuxmusl-x64/-/sharp-libvips-linuxmusl-x64-1.1.0.tgz"
  integrity sha512-wK7SBdwrAiycjXdkPnGCPLjYb9lD4l6Ze2gSdAGVZrEL05AOUJESWU2lhlC+Ffn5/G+VKuSm6zzbQSzFX/P65A==

"@img/sharp-linux-x64@0.34.1":
  version "0.34.1"
  resolved "https://registry.npmjs.org/@img/sharp-linux-x64/-/sharp-linux-x64-0.34.1.tgz"
  integrity sha512-wExv7SH9nmoBW3Wr2gvQopX1k8q2g5V5Iag8Zk6AVENsjwd+3adjwxtp3Dcu2QhOXr8W9NusBU6XcQUohBZ5MA==
  optionalDependencies:
    "@img/sharp-libvips-linux-x64" "1.1.0"

"@img/sharp-linuxmusl-x64@0.34.1":
  version "0.34.1"
  resolved "https://registry.npmjs.org/@img/sharp-linuxmusl-x64/-/sharp-linuxmusl-x64-0.34.1.tgz"
  integrity sha512-pax/kTR407vNb9qaSIiWVnQplPcGU8LRIJpDT5o8PdAx5aAA7AS3X9PS8Isw1/WfqgQorPotjrZL3Pqh6C5EBg==
  optionalDependencies:
    "@img/sharp-libvips-linuxmusl-x64" "1.1.0"

"@next/env@15.3.0":
  version "15.3.0"
  resolved "https://registry.npmjs.org/@next/env/-/env-15.3.0.tgz"
  integrity sha512-6mDmHX24nWlHOlbwUiAOmMyY7KELimmi+ed8qWcJYjqXeC+G6JzPZ3QosOAfjNwgMIzwhXBiRiCgdh8axTTdTA==

"@next/swc-linux-x64-gnu@15.3.0":
  version "15.3.0"
  resolved "https://registry.npmjs.org/@next/swc-linux-x64-gnu/-/swc-linux-x64-gnu-15.3.0.tgz"
  integrity sha512-ZMQ9yzDEts/vkpFLRAqfYO1wSpIJGlQNK9gZ09PgyjBJUmg8F/bb8fw2EXKgEaHbCc4gmqMpDfh+T07qUphp9A==

"@next/swc-linux-x64-musl@15.3.0":
  version "15.3.0"
  resolved "https://registry.npmjs.org/@next/swc-linux-x64-musl/-/swc-linux-x64-musl-15.3.0.tgz"
  integrity sha512-RFwq5VKYTw9TMr4T3e5HRP6T4RiAzfDJ6XsxH8j/ZeYq2aLsBqCkFzwMI0FmnSsLaUbOb46Uov0VvN3UciHX5A==

"@popperjs/core@^2.9.0":
  version "2.11.8"
  resolved "https://registry.npmjs.org/@popperjs/core/-/core-2.11.8.tgz"
  integrity sha512-P1st0aksCrn9sGZhp8GMYwBnQsbvAWsZAX44oXNNvLHGqAOcoVxmjZiohstwQ7SqKnbR47akdNi+uleWD8+g6A==

"@remirror/core-constants@3.0.0":
  version "3.0.0"
  resolved "https://registry.npmjs.org/@remirror/core-constants/-/core-constants-3.0.0.tgz"
  integrity sha512-42aWfPrimMfDKDi4YegyS7x+/0tlzaqwPQCULLanv3DMIlu96KTJR0fM5isWX2UViOqlGnX6YFgqWepcX+XMNg==

"@swc/counter@0.1.3":
  version "0.1.3"
  resolved "https://registry.npmjs.org/@swc/counter/-/counter-0.1.3.tgz"
  integrity sha512-e2BR4lsJkkRlKZ/qCHPw9ZaSxc0MVUd7gtbtaB7aMvHeJVYe8sOB8DBZkP2DtISHGSku9sCK6T6cnY0CtXrOCQ==

"@swc/helpers@0.5.15":
  version "0.5.15"
  resolved "https://registry.npmjs.org/@swc/helpers/-/helpers-0.5.15.tgz"
  integrity sha512-JQ5TuMi45Owi4/BIMAJBoSQoOJu12oOk/gADqlcUL9JEdHB8vyjUSsxqeNXnmXHjYKMi2WcYtezGEEhqUI/E2g==
  dependencies:
    tslib "^2.8.0"

"@tailwindcss/node@4.1.3":
  version "4.1.3"
  resolved "https://registry.npmjs.org/@tailwindcss/node/-/node-4.1.3.tgz"
  integrity sha512-H/6r6IPFJkCfBJZ2dKZiPJ7Ueb2wbL592+9bQEl2r73qbX6yGnmQVIfiUvDRB2YI0a3PWDrzUwkvQx1XW1bNkA==
  dependencies:
    enhanced-resolve "^5.18.1"
    jiti "^2.4.2"
    lightningcss "1.29.2"
    tailwindcss "4.1.3"

"@tailwindcss/oxide-linux-x64-gnu@4.1.3":
  version "4.1.3"
  resolved "https://registry.npmjs.org/@tailwindcss/oxide-linux-x64-gnu/-/oxide-linux-x64-gnu-4.1.3.tgz"
  integrity sha512-LMdTmGe/NPtGOaOfV2HuO7w07jI3cflPrVq5CXl+2O93DCewADK0uW1ORNAcfu2YxDUS035eY2W38TxrsqngxA==

"@tailwindcss/oxide-linux-x64-musl@4.1.3":
  version "4.1.3"
  resolved "https://registry.npmjs.org/@tailwindcss/oxide-linux-x64-musl/-/oxide-linux-x64-musl-4.1.3.tgz"
  integrity sha512-aalNWwIi54bbFEizwl1/XpmdDrOaCjRFQRgtbv9slWjmNPuJJTIKPHf5/XXDARc9CneW9FkSTqTbyvNecYAEGw==

"@tailwindcss/oxide@4.1.3":
  version "4.1.3"
  resolved "https://registry.npmjs.org/@tailwindcss/oxide/-/oxide-4.1.3.tgz"
  integrity sha512-t16lpHCU7LBxDe/8dCj9ntyNpXaSTAgxWm1u2XQP5NiIu4KGSyrDJJRlK9hJ4U9yJxx0UKCVI67MJWFNll5mOQ==
  optionalDependencies:
    "@tailwindcss/oxide-android-arm64" "4.1.3"
    "@tailwindcss/oxide-darwin-arm64" "4.1.3"
    "@tailwindcss/oxide-darwin-x64" "4.1.3"
    "@tailwindcss/oxide-freebsd-x64" "4.1.3"
    "@tailwindcss/oxide-linux-arm-gnueabihf" "4.1.3"
    "@tailwindcss/oxide-linux-arm64-gnu" "4.1.3"
    "@tailwindcss/oxide-linux-arm64-musl" "4.1.3"
    "@tailwindcss/oxide-linux-x64-gnu" "4.1.3"
    "@tailwindcss/oxide-linux-x64-musl" "4.1.3"
    "@tailwindcss/oxide-win32-arm64-msvc" "4.1.3"
    "@tailwindcss/oxide-win32-x64-msvc" "4.1.3"

"@tailwindcss/postcss@^4":
  version "4.1.3"
  resolved "https://registry.npmjs.org/@tailwindcss/postcss/-/postcss-4.1.3.tgz"
  integrity sha512-6s5nJODm98F++QT49qn8xJKHQRamhYHfMi3X7/ltxiSQ9dyRsaFSfFkfaMsanWzf+TMYQtbk8mt5f6cCVXJwfg==
  dependencies:
    "@alloc/quick-lru" "^5.2.0"
    "@tailwindcss/node" "4.1.3"
    "@tailwindcss/oxide" "4.1.3"
    postcss "^8.4.41"
    tailwindcss "4.1.3"

"@tiptap/core@^2.11.7", "@tiptap/core@^2.7.0":
  version "2.11.7"
  resolved "https://registry.npmjs.org/@tiptap/core/-/core-2.11.7.tgz"
  integrity sha512-zN+NFFxLsxNEL8Qioc+DL6b8+Tt2bmRbXH22Gk6F6nD30x83eaUSFlSv3wqvgyCq3I1i1NO394So+Agmayx6rQ==

"@tiptap/extension-blockquote@^2.11.7":
  version "2.11.7"
  resolved "https://registry.npmjs.org/@tiptap/extension-blockquote/-/extension-blockquote-2.11.7.tgz"
  integrity sha512-liD8kWowl3CcYCG9JQlVx1eSNc/aHlt6JpVsuWvzq6J8APWX693i3+zFqyK2eCDn0k+vW62muhSBe3u09hA3Zw==

"@tiptap/extension-bold@^2.11.7":
  version "2.11.7"
  resolved "https://registry.npmjs.org/@tiptap/extension-bold/-/extension-bold-2.11.7.tgz"
  integrity sha512-VTR3JlldBixXbjpLTFme/Bxf1xeUgZZY3LTlt5JDlCW3CxO7k05CIa+kEZ8LXpog5annytZDUVtWqxrNjmsuHQ==

"@tiptap/extension-bubble-menu@^2.11.7":
  version "2.11.7"
  resolved "https://registry.npmjs.org/@tiptap/extension-bubble-menu/-/extension-bubble-menu-2.11.7.tgz"
  integrity sha512-0vYqSUSSap3kk3/VT4tFE1/6StX70I3/NKQ4J68ZSFgkgyB3ZVlYv7/dY3AkEukjsEp3yN7m8Gw8ei2eEwyzwg==
  dependencies:
    tippy.js "^6.3.7"

"@tiptap/extension-bullet-list@^2.11.7":
  version "2.11.7"
  resolved "https://registry.npmjs.org/@tiptap/extension-bullet-list/-/extension-bullet-list-2.11.7.tgz"
  integrity sha512-WbPogE2/Q3e3/QYgbT1Sj4KQUfGAJNc5pvb7GrUbvRQsAh7HhtuO8hqdDwH8dEdD/cNUehgt17TO7u8qV6qeBw==

"@tiptap/extension-character-count@^2.11.7":
  version "2.11.7"
  resolved "https://registry.npmjs.org/@tiptap/extension-character-count/-/extension-character-count-2.11.7.tgz"
  integrity sha512-gcVbKou+uxzg8N0BBKceLwtpWvN8g2TIjTuCdyAcAPukX63DqVWOkofFHn1RqZbstJmtF4pTGZs9OH/GJrp27Q==

"@tiptap/extension-code-block@^2.11.7":
  version "2.11.7"
  resolved "https://registry.npmjs.org/@tiptap/extension-code-block/-/extension-code-block-2.11.7.tgz"
  integrity sha512-To/y/2H04VWqiANy53aXjV7S6fA86c2759RsH1hTIe57jA1KyE7I5tlAofljOLZK/covkGmPeBddSPHGJbz++Q==

"@tiptap/extension-code@^2.11.7":
  version "2.11.7"
  resolved "https://registry.npmjs.org/@tiptap/extension-code/-/extension-code-2.11.7.tgz"
  integrity sha512-VpPO1Uy/eF4hYOpohS/yMOcE1C07xmMj0/D989D9aS1x95jWwUVrSkwC+PlWMUBx9PbY2NRsg1ZDwVvlNKZ6yQ==

"@tiptap/extension-collaboration-cursor@^2.11.7":
  version "2.11.7"
  resolved "https://registry.npmjs.org/@tiptap/extension-collaboration-cursor/-/extension-collaboration-cursor-2.11.7.tgz"
  integrity sha512-dfJYaECVdZ0BCL/wEJR8lbFAs2MH+XBTvQOHiDCslN34uFt13KO6Xh72eNt18PgQbw+fQiZTCOMt0Kc5fA5VfQ==

"@tiptap/extension-collaboration@^2.11.7":
  version "2.11.7"
  resolved "https://registry.npmjs.org/@tiptap/extension-collaboration/-/extension-collaboration-2.11.7.tgz"
  integrity sha512-/02gvKHtvatLr+0j+WOTNE1ZbMau+gyVBMhpR9oqL7zfp5BHIvZ9AZNpPn650T0mtcBSLVTv9Vww02ALuognJA==

"@tiptap/extension-document@^2.11.7":
  version "2.11.7"
  resolved "https://registry.npmjs.org/@tiptap/extension-document/-/extension-document-2.11.7.tgz"
  integrity sha512-95ouJXPjdAm9+VBRgFo4lhDoMcHovyl/awORDI8gyEn0Rdglt+ZRZYoySFzbVzer9h0cre+QdIwr9AIzFFbfdA==

"@tiptap/extension-dropcursor@^2.11.7":
  version "2.11.7"
  resolved "https://registry.npmjs.org/@tiptap/extension-dropcursor/-/extension-dropcursor-2.11.7.tgz"
  integrity sha512-63mL+nxQILizsr5NbmgDeOjFEWi34BLt7evwL6UUZEVM15K8V1G8pD9Y0kCXrZYpHWz0tqFRXdrhDz0Ppu8oVw==

"@tiptap/extension-floating-menu@^2.11.7":
  version "2.11.7"
  resolved "https://registry.npmjs.org/@tiptap/extension-floating-menu/-/extension-floating-menu-2.11.7.tgz"
  integrity sha512-DG54WoUu2vxHRVzKZiR5I5RMOYj45IlxQMkBAx1wjS0ch41W8DUYEeipvMMjCeKtEI+emz03xYUcOAP9LRmg+w==
  dependencies:
    tippy.js "^6.3.7"

"@tiptap/extension-gapcursor@^2.11.7":
  version "2.11.7"
  resolved "https://registry.npmjs.org/@tiptap/extension-gapcursor/-/extension-gapcursor-2.11.7.tgz"
  integrity sha512-EceesmPG7FyjXZ8EgeJPUov9G1mAf2AwdypxBNH275g6xd5dmU/KvjoFZjmQ0X1ve7mS+wNupVlGxAEUYoveew==

"@tiptap/extension-hard-break@^2.11.7":
  version "2.11.7"
  resolved "https://registry.npmjs.org/@tiptap/extension-hard-break/-/extension-hard-break-2.11.7.tgz"
  integrity sha512-zTkZSA6q+F5sLOdCkiC2+RqJQN0zdsJqvFIOVFL/IDVOnq6PZO5THzwRRLvOSnJJl3edRQCl/hUgS0L5sTInGQ==

"@tiptap/extension-heading@^2.11.7":
  version "2.11.7"
  resolved "https://registry.npmjs.org/@tiptap/extension-heading/-/extension-heading-2.11.7.tgz"
  integrity sha512-8kWh7y4Rd2fwxfWOhFFWncHdkDkMC1Z60yzIZWjIu72+6yQxvo8w3yeb7LI7jER4kffbMmadgcfhCHC/fkObBA==

"@tiptap/extension-highlight@^2.11.7":
  version "2.11.7"
  resolved "https://registry.npmjs.org/@tiptap/extension-highlight/-/extension-highlight-2.11.7.tgz"
  integrity sha512-c/NH4kIpNOWCUQv8RkFNDyOcgt+2pYFpDf0QBJmzhAuv4BIeS2bDmDtuNS7VgoWRZH+xxCNXfvm2BG+kjtipEg==

"@tiptap/extension-history@^2.11.7":
  version "2.11.7"
  resolved "https://registry.npmjs.org/@tiptap/extension-history/-/extension-history-2.11.7.tgz"
  integrity sha512-Cu5x3aS13I040QSRoLdd+w09G4OCVfU+azpUqxufZxeNs9BIJC+0jowPLeOxKDh6D5GGT2A8sQtxc6a/ssbs8g==

"@tiptap/extension-horizontal-rule@^2.11.7":
  version "2.11.7"
  resolved "https://registry.npmjs.org/@tiptap/extension-horizontal-rule/-/extension-horizontal-rule-2.11.7.tgz"
  integrity sha512-uVmQwD2dzZ5xwmvUlciy0ItxOdOfQjH6VLmu80zyJf8Yu7mvwP8JyxoXUX0vd1xHpwAhgQ9/ozjIWYGIw79DPQ==

"@tiptap/extension-italic@^2.11.7":
  version "2.11.7"
  resolved "https://registry.npmjs.org/@tiptap/extension-italic/-/extension-italic-2.11.7.tgz"
  integrity sha512-r985bkQfG0HMpmCU0X0p/Xe7U1qgRm2mxvcp6iPCuts2FqxaCoyfNZ8YnMsgVK1mRhM7+CQ5SEg2NOmQNtHvPw==

"@tiptap/extension-list-item@^2.11.7":
  version "2.11.7"
  resolved "https://registry.npmjs.org/@tiptap/extension-list-item/-/extension-list-item-2.11.7.tgz"
  integrity sha512-6ikh7Y+qAbkSuIHXPIINqfzmWs5uIGrylihdZ9adaIyvrN1KSnWIqrZIk/NcZTg5YFIJlXrnGSRSjb/QM3WUhw==

"@tiptap/extension-ordered-list@^2.11.7":
  version "2.11.7"
  resolved "https://registry.npmjs.org/@tiptap/extension-ordered-list/-/extension-ordered-list-2.11.7.tgz"
  integrity sha512-bLGCHDMB0vbJk7uu8bRg8vES3GsvxkX7Cgjgm/6xysHFbK98y0asDtNxkW1VvuRreNGz4tyB6vkcVCfrxl4jKw==

"@tiptap/extension-paragraph@^2.11.7":
  version "2.11.7"
  resolved "https://registry.npmjs.org/@tiptap/extension-paragraph/-/extension-paragraph-2.11.7.tgz"
  integrity sha512-Pl3B4q6DJqTvvAdraqZaNP9Hh0UWEHL5nNdxhaRNuhKaUo7lq8wbDSIxIW3lvV0lyCs0NfyunkUvSm1CXb6d4Q==

"@tiptap/extension-strike@^2.11.7":
  version "2.11.7"
  resolved "https://registry.npmjs.org/@tiptap/extension-strike/-/extension-strike-2.11.7.tgz"
  integrity sha512-D6GYiW9F24bvAY7XMOARNZbC8YGPzdzWdXd8VOOJABhf4ynMi/oW4NNiko+kZ67jn3EGaKoz32VMJzNQgYi1HA==

"@tiptap/extension-task-item@^2.11.7":
  version "2.11.7"
  resolved "https://registry.npmjs.org/@tiptap/extension-task-item/-/extension-task-item-2.11.7.tgz"
  integrity sha512-m+UyE85nnqhQ4epLMYqdwaQj6DoqGGUNE0gyJOtJB1qhBi7GM7yPEDoiX82ByaQetWjoZIduRuQSRfgkD0MEeA==

"@tiptap/extension-task-list@^2.11.7":
  version "2.11.7"
  resolved "https://registry.npmjs.org/@tiptap/extension-task-list/-/extension-task-list-2.11.7.tgz"
  integrity sha512-rgpkLvKxeSWibMpZazR5PkISSwz90Wnpe/KqIWLu/s3UuRE0Sc5kA8ZOva4ZAvcpSWEJ1cNn1OqllwHsj0NxwQ==

"@tiptap/extension-text-style@^2.11.7":
  version "2.11.7"
  resolved "https://registry.npmjs.org/@tiptap/extension-text-style/-/extension-text-style-2.11.7.tgz"
  integrity sha512-LHO6DBg/9SkCQFdWlVfw9nolUmw+Cid94WkTY+7IwrpyG2+ZGQxnKpCJCKyeaFNbDoYAtvu0vuTsSXeCkgShcA==

"@tiptap/extension-text@^2.11.7":
  version "2.11.7"
  resolved "https://registry.npmjs.org/@tiptap/extension-text/-/extension-text-2.11.7.tgz"
  integrity sha512-wObCn8qZkIFnXTLvBP+X8KgaEvTap/FJ/i4hBMfHBCKPGDx99KiJU6VIbDXG8d5ZcFZE0tOetK1pP5oI7qgMlQ==

"@tiptap/pm@^2.11.7", "@tiptap/pm@^2.7.0":
  version "2.11.7"
  resolved "https://registry.npmjs.org/@tiptap/pm/-/pm-2.11.7.tgz"
  integrity sha512-7gEEfz2Q6bYKXM07vzLUD0vqXFhC5geWRA6LCozTiLdVFDdHWiBrvb2rtkL5T7mfLq03zc1QhH7rI3F6VntOEA==
  dependencies:
    prosemirror-changeset "^2.2.1"
    prosemirror-collab "^1.3.1"
    prosemirror-commands "^1.6.2"
    prosemirror-dropcursor "^1.8.1"
    prosemirror-gapcursor "^1.3.2"
    prosemirror-history "^1.4.1"
    prosemirror-inputrules "^1.4.0"
    prosemirror-keymap "^1.2.2"
    prosemirror-markdown "^1.13.1"
    prosemirror-menu "^1.2.4"
    prosemirror-model "^1.23.0"
    prosemirror-schema-basic "^1.2.3"
    prosemirror-schema-list "^1.4.1"
    prosemirror-state "^1.4.3"
    prosemirror-tables "^1.6.4"
    prosemirror-trailing-node "^3.0.0"
    prosemirror-transform "^1.10.2"
    prosemirror-view "^1.37.0"

"@tiptap/react@^2.11.7":
  version "2.11.7"
  resolved "https://registry.npmjs.org/@tiptap/react/-/react-2.11.7.tgz"
  integrity sha512-gQZEUkAoPsBptnB4T2gAtiUxswjVGhfsM9vOElQco+b11DYmy110T2Zuhg+2YGvB/CG3RoWJx34808P0FX1ijA==
  dependencies:
    "@tiptap/extension-bubble-menu" "^2.11.7"
    "@tiptap/extension-floating-menu" "^2.11.7"
    "@types/use-sync-external-store" "^0.0.6"
    fast-deep-equal "^3"
    use-sync-external-store "^1"

"@tiptap/starter-kit@^2.11.7":
  version "2.11.7"
  resolved "https://registry.npmjs.org/@tiptap/starter-kit/-/starter-kit-2.11.7.tgz"
  integrity sha512-K+q51KwNU/l0kqRuV5e1824yOLVftj6kGplGQLvJG56P7Rb2dPbM/JeaDbxQhnHT/KDGamG0s0Po0M3pPY163A==
  dependencies:
    "@tiptap/core" "^2.11.7"
    "@tiptap/extension-blockquote" "^2.11.7"
    "@tiptap/extension-bold" "^2.11.7"
    "@tiptap/extension-bullet-list" "^2.11.7"
    "@tiptap/extension-code" "^2.11.7"
    "@tiptap/extension-code-block" "^2.11.7"
    "@tiptap/extension-document" "^2.11.7"
    "@tiptap/extension-dropcursor" "^2.11.7"
    "@tiptap/extension-gapcursor" "^2.11.7"
    "@tiptap/extension-hard-break" "^2.11.7"
    "@tiptap/extension-heading" "^2.11.7"
    "@tiptap/extension-history" "^2.11.7"
    "@tiptap/extension-horizontal-rule" "^2.11.7"
    "@tiptap/extension-italic" "^2.11.7"
    "@tiptap/extension-list-item" "^2.11.7"
    "@tiptap/extension-ordered-list" "^2.11.7"
    "@tiptap/extension-paragraph" "^2.11.7"
    "@tiptap/extension-strike" "^2.11.7"
    "@tiptap/extension-text" "^2.11.7"
    "@tiptap/extension-text-style" "^2.11.7"
    "@tiptap/pm" "^2.11.7"

"@types/linkify-it@^5":
  version "5.0.0"
  resolved "https://registry.npmjs.org/@types/linkify-it/-/linkify-it-5.0.0.tgz"
  integrity sha512-sVDA58zAw4eWAffKOaQH5/5j3XeayukzDk+ewSsnv3p4yJEZHCCzMDiZM8e0OUrRvmpGZ85jf4yDHkHsgBNr9Q==

"@types/markdown-it@^14.0.0":
  version "14.1.2"
  resolved "https://registry.npmjs.org/@types/markdown-it/-/markdown-it-14.1.2.tgz"
  integrity sha512-promo4eFwuiW+TfGxhi+0x3czqTYJkG8qB17ZUJiVF10Xm7NLVRSLUsfRTU/6h1e24VvRnXCx+hG7li58lkzog==
  dependencies:
    "@types/linkify-it" "^5"
    "@types/mdurl" "^2"

"@types/mdurl@^2":
  version "2.0.0"
  resolved "https://registry.npmjs.org/@types/mdurl/-/mdurl-2.0.0.tgz"
  integrity sha512-RGdgjQUZba5p6QEFAVx2OGb8rQDL/cPRG7GiedRzMcJ1tYnUANBncjbSB1NRGwbvjcPeikRABz2nshyPk1bhWg==

"@types/node@^20":
  version "20.17.30"
  resolved "https://registry.npmjs.org/@types/node/-/node-20.17.30.tgz"
  integrity sha512-7zf4YyHA+jvBNfVrk2Gtvs6x7E8V+YDW05bNfG2XkWDJfYRXrTiP/DsB2zSYTaHX0bGIujTBQdMVAhb+j7mwpg==
  dependencies:
    undici-types "~6.19.2"

"@types/react-dom@^19":
  version "19.1.2"
  resolved "https://registry.npmjs.org/@types/react-dom/-/react-dom-19.1.2.tgz"
  integrity sha512-XGJkWF41Qq305SKWEILa1O8vzhb3aOo3ogBlSmiqNko/WmRb6QIaweuZCXjKygVDXpzXb5wyxKTSOsmkuqj+Qw==

"@types/react@^19", "@types/react@^19.0.0":
  version "19.1.0"
  resolved "https://registry.npmjs.org/@types/react/-/react-19.1.0.tgz"
  integrity sha512-UaicktuQI+9UKyA4njtDOGBD/67t8YEBt2xdfqu8+gP9hqPUPsiXlNPcpS2gVdjmis5GKPG3fCxbQLVgxsQZ8w==
  dependencies:
    csstype "^3.0.2"

"@types/use-sync-external-store@^0.0.6":
  version "0.0.6"
  resolved "https://registry.npmjs.org/@types/use-sync-external-store/-/use-sync-external-store-0.0.6.tgz"
  integrity sha512-zFDAD+tlpf2r4asuHEj0XH6pY6i0g5NeAHPn+15wk3BV6JA69eERFXC1gyGThDkVa1zCyKr5jox1+2LbV/AMLg==

argparse@^2.0.1:
  version "2.0.1"
  resolved "https://registry.npmjs.org/argparse/-/argparse-2.0.1.tgz"
  integrity sha512-8+9WqebbFzpX9OR+Wa6O29asIogeRMzcGtAINdpMHHyAg10f05aSFVBbcEqGf/PXw1EjAZ+q2/bEBg3DvurK3Q==

busboy@1.6.0:
  version "1.6.0"
  resolved "https://registry.npmjs.org/busboy/-/busboy-1.6.0.tgz"
  integrity sha512-8SFQbg/0hQ9xy3UNTB0YEnsNBbWfhf7RtnzpL7TkBiTBRfrQ9Fxcnz7VJsleJpyp6rVLvXiuORqjlHi5q+PYuA==
  dependencies:
    streamsearch "^1.1.0"

caniuse-lite@^1.0.30001579:
  version "1.0.30001713"
  resolved "https://registry.npmjs.org/caniuse-lite/-/caniuse-lite-1.0.30001713.tgz"
  integrity sha512-wCIWIg+A4Xr7NfhTuHdX+/FKh3+Op3LBbSp2N5Pfx6T/LhdQy3GTyoTg48BReaW/MyMNZAkTadsBtai3ldWK0Q==

client-only@0.0.1:
  version "0.0.1"
  resolved "https://registry.npmjs.org/client-only/-/client-only-0.0.1.tgz"
  integrity sha512-IV3Ou0jSMzZrd3pZ48nLkT9DA7Ag1pnPzaiQhpW7c3RbcqqzvzzVu+L8gfqMp/8IM2MQtSiqaCxrrcfu8I8rMA==

color-convert@^2.0.1:
  version "2.0.1"
  resolved "https://registry.npmjs.org/color-convert/-/color-convert-2.0.1.tgz"
  integrity sha512-RRECPsj7iu/xb5oKYcsFHSppFNnsj/52OVTRKb4zP5onXwVF3zVmmToNcOfGC+CRDpfK/U584fMg38ZHCaElKQ==
  dependencies:
    color-name "~1.1.4"

color-name@^1.0.0, color-name@~1.1.4:
  version "1.1.4"
  resolved "https://registry.npmjs.org/color-name/-/color-name-1.1.4.tgz"
  integrity sha512-dOy+3AuW3a2wNbZHIuMZpTcgjGuLU/uBL/ubcZF9OXbDo8ff4O8yVp5Bf0efS8uEoYo5q4Fx7dY9OgQGXgAsQA==

color-string@^1.9.0:
  version "1.9.1"
  resolved "https://registry.npmjs.org/color-string/-/color-string-1.9.1.tgz"
  integrity sha512-shrVawQFojnZv6xM40anx4CkoDP+fZsw/ZerEMsW/pyzsRbElpsL/DBVW7q3ExxwusdNXI3lXpuhEZkzs8p5Eg==
  dependencies:
    color-name "^1.0.0"
    simple-swizzle "^0.2.2"

color@^4.2.3:
  version "4.2.3"
  resolved "https://registry.npmjs.org/color/-/color-4.2.3.tgz"
  integrity sha512-1rXeuUUiGGrykh+CeBdu5Ie7OJwinCgQY0bc7GCRxy5xVHy+moaqkpL/jqQq0MtQOeYcrqEz4abc5f0KtU7W4A==
  dependencies:
    color-convert "^2.0.1"
    color-string "^1.9.0"

crelt@^1.0.0:
  version "1.0.6"
  resolved "https://registry.npmjs.org/crelt/-/crelt-1.0.6.tgz"
  integrity sha512-VQ2MBenTq1fWZUH9DJNGti7kKv6EeAuYr3cLwxUWhIu1baTaXh4Ib5W2CqHVqib4/MqbYGJqiL3Zb8GJZr3l4g==

csstype@^3.0.2:
  version "3.1.3"
  resolved "https://registry.npmjs.org/csstype/-/csstype-3.1.3.tgz"
  integrity sha512-M1uQkMl8rQK/szD0LNhtqxIPLpimGm8sOBwU7lLnCpSbTyY3yeU1Vc7l4KT5zT4s/yOxHH5O7tIuuLOCnLADRw==

dequal@^2.0.3:
  version "2.0.3"
  resolved "https://registry.npmjs.org/dequal/-/dequal-2.0.3.tgz"
  integrity sha512-0je+qPKHEMohvfRTCEo3CrPG6cAzAYgmzKyxRiYSSDkS6eGJdyVJm7WaYA5ECaAD9wLB2T4EEeymA5aFVcYXCA==

detect-libc@^2.0.3:
  version "2.0.3"
  resolved "https://registry.npmjs.org/detect-libc/-/detect-libc-2.0.3.tgz"
  integrity sha512-bwy0MGW55bG41VqxxypOsdSdGqLwXPI/focwgTYCFMbdUiBAxLg9CFzG08sz2aqzknwiX7Hkl0bQENjg8iLByw==

enhanced-resolve@^5.18.1:
  version "5.18.1"
  resolved "https://registry.npmjs.org/enhanced-resolve/-/enhanced-resolve-5.18.1.tgz"
  integrity sha512-ZSW3ma5GkcQBIpwZTSRAI8N71Uuwgs93IezB7mf7R60tC8ZbJideoDNKjHn2O9KIlx6rkGTTEk1xUCK2E1Y2Yg==
  dependencies:
    graceful-fs "^4.2.4"
    tapable "^2.2.0"

entities@^4.4.0:
  version "4.5.0"
  resolved "https://registry.npmjs.org/entities/-/entities-4.5.0.tgz"
  integrity sha512-V0hjH4dGPh9Ao5p0MoRY6BVqtwCjhz6vI5LT8AJ55H+4g9/4vbHx1I54fS0XuclLhDHArPQCiMjDxjaL8fPxhw==

escape-string-regexp@^4.0.0:
  version "4.0.0"
  resolved "https://registry.npmjs.org/escape-string-regexp/-/escape-string-regexp-4.0.0.tgz"
  integrity sha512-TtpcNJ3XAzx3Gq8sWRzJaVajRs0uVxA2YAkdb1jm2YkPz4G6egUFAyA3n5vtEIZefPk5Wa4UXbKuS5fKkJWdgA==

fast-deep-equal@^3:
  version "3.1.3"
  resolved "https://registry.npmjs.org/fast-deep-equal/-/fast-deep-equal-3.1.3.tgz"
  integrity sha512-f3qQ9oQy9j2AhBe/H9VC91wLmKBCCU/gDOnKNAYG5hswO7BLKj09Hc5HYNz9cGI++xlpDCIgDaitVs03ATR84Q==

graceful-fs@^4.2.4:
  version "4.2.11"
  resolved "https://registry.npmjs.org/graceful-fs/-/graceful-fs-4.2.11.tgz"
  integrity sha512-RbJ5/jmFcNNCcDV5o9eTnBLJ/HszWV0P73bc+Ff4nS/rJj+YaS6IGyiOL0VoBYX+l1Wrl3k63h/KrH+nhJ0XvQ==

is-arrayish@^0.3.1:
  version "0.3.2"
  resolved "https://registry.npmjs.org/is-arrayish/-/is-arrayish-0.3.2.tgz"
  integrity sha512-eVRqCvVlZbuw3GrM63ovNSNAeA1K16kaR/LRY/92w0zxQ5/1YzwblUX652i4Xs9RwAGjW9d9y6X88t8OaAJfWQ==

isomorphic.js@^0.2.4:
  version "0.2.5"
  resolved "https://registry.npmjs.org/isomorphic.js/-/isomorphic.js-0.2.5.tgz"
  integrity sha512-PIeMbHqMt4DnUP3MA/Flc0HElYjMXArsw1qwJZcm9sqR8mq3l8NYizFMty0pWwE/tzIGH3EKK5+jes5mAr85yw==

jiti@^2.4.2:
  version "2.4.2"
  resolved "https://registry.npmjs.org/jiti/-/jiti-2.4.2.tgz"
  integrity sha512-rg9zJN+G4n2nfJl5MW3BMygZX56zKPNVEYYqq7adpmMh4Jn2QNEwhvQlFy6jPVdcod7txZtKHWnyZiA3a0zP7A==

lib0@^0.2.100, lib0@^0.2.85, lib0@^0.2.99:
  version "0.2.102"
  resolved "https://registry.npmjs.org/lib0/-/lib0-0.2.102.tgz"
  integrity sha512-g70kydI0I1sZU0ChO8mBbhw0oUW/8U0GHzygpvEIx8k+jgOpqnTSb/E+70toYVqHxBhrERD21TwD5QcZJQ40ZQ==
  dependencies:
    isomorphic.js "^0.2.4"

lightningcss-linux-x64-gnu@1.29.2:
  version "1.29.2"
  resolved "https://registry.npmjs.org/lightningcss-linux-x64-gnu/-/lightningcss-linux-x64-gnu-1.29.2.tgz"
  integrity sha512-0v6idDCPG6epLXtBH/RPkHvYx74CVziHo6TMYga8O2EiQApnUPZsbR9nFNrg2cgBzk1AYqEd95TlrsL7nYABQg==

lightningcss-linux-x64-musl@1.29.2:
  version "1.29.2"
  resolved "https://registry.npmjs.org/lightningcss-linux-x64-musl/-/lightningcss-linux-x64-musl-1.29.2.tgz"
  integrity sha512-rMpz2yawkgGT8RULc5S4WiZopVMOFWjiItBT7aSfDX4NQav6M44rhn5hjtkKzB+wMTRlLLqxkeYEtQ3dd9696w==

lightningcss@1.29.2:
  version "1.29.2"
  resolved "https://registry.npmjs.org/lightningcss/-/lightningcss-1.29.2.tgz"
  integrity sha512-6b6gd/RUXKaw5keVdSEtqFVdzWnU5jMxTUjA2bVcMNPLwSQ08Sv/UodBVtETLCn7k4S1Ibxwh7k68IwLZPgKaA==
  dependencies:
    detect-libc "^2.0.3"
  optionalDependencies:
    lightningcss-darwin-arm64 "1.29.2"
    lightningcss-darwin-x64 "1.29.2"
    lightningcss-freebsd-x64 "1.29.2"
    lightningcss-linux-arm-gnueabihf "1.29.2"
    lightningcss-linux-arm64-gnu "1.29.2"
    lightningcss-linux-arm64-musl "1.29.2"
    lightningcss-linux-x64-gnu "1.29.2"
    lightningcss-linux-x64-musl "1.29.2"
    lightningcss-win32-arm64-msvc "1.29.2"
    lightningcss-win32-x64-msvc "1.29.2"

linkify-it@^5.0.0:
  version "5.0.0"
  resolved "https://registry.npmjs.org/linkify-it/-/linkify-it-5.0.0.tgz"
  integrity sha512-5aHCbzQRADcdP+ATqnDuhhJ/MRIqDkZX5pyjFHRRysS8vZ5AbqGEoFIb6pYHPZ+L/OC2Lc+xT8uHVVR5CAK/wQ==
  dependencies:
    uc.micro "^2.0.0"

lucide-react@^0.487.0:
  version "0.487.0"
  resolved "https://registry.npmjs.org/lucide-react/-/lucide-react-0.487.0.tgz"
  integrity sha512-aKqhOQ+YmFnwq8dWgGjOuLc8V1R9/c/yOd+zDY4+ohsR2Jo05lSGc3WsstYPIzcTpeosN7LoCkLReUUITvaIvw==

markdown-it@^14.0.0:
  version "14.1.0"
  resolved "https://registry.npmjs.org/markdown-it/-/markdown-it-14.1.0.tgz"
  integrity sha512-a54IwgWPaeBCAAsv13YgmALOF1elABB08FxO9i+r4VFk5Vl4pKokRPeX8u5TCgSsPi6ec1otfLjdOpVcgbpshg==
  dependencies:
    argparse "^2.0.1"
    entities "^4.4.0"
    linkify-it "^5.0.0"
    mdurl "^2.0.0"
    punycode.js "^2.3.1"
    uc.micro "^2.1.0"

mdurl@^2.0.0:
  version "2.0.0"
  resolved "https://registry.npmjs.org/mdurl/-/mdurl-2.0.0.tgz"
  integrity sha512-Lf+9+2r+Tdp5wXDXC4PcIBjTDtq4UKjCPMQhKIuzpJNW0b96kVqSwW0bT7FhRSfmAiFYgP+SCRvdrDozfh0U5w==

nanoid@^3.3.6, nanoid@^3.3.8:
  version "3.3.11"
  resolved "https://registry.npmjs.org/nanoid/-/nanoid-3.3.11.tgz"
  integrity sha512-N8SpfPUnUp1bK+PMYW8qSWdl9U+wwNWI4QKxOYDy9JAro3WMX7p2OeVRF9v+347pnakNevPmiHhNmZ2HbFA76w==

next@15.3.0:
  version "15.3.0"
  resolved "https://registry.npmjs.org/next/-/next-15.3.0.tgz"
  integrity sha512-k0MgP6BsK8cZ73wRjMazl2y2UcXj49ZXLDEgx6BikWuby/CN+nh81qFFI16edgd7xYpe/jj2OZEIwCoqnzz0bQ==
  dependencies:
    "@next/env" "15.3.0"
    "@swc/counter" "0.1.3"
    "@swc/helpers" "0.5.15"
    busboy "1.6.0"
    caniuse-lite "^1.0.30001579"
    postcss "8.4.31"
    styled-jsx "5.1.6"
  optionalDependencies:
    "@next/swc-darwin-arm64" "15.3.0"
    "@next/swc-darwin-x64" "15.3.0"
    "@next/swc-linux-arm64-gnu" "15.3.0"
    "@next/swc-linux-arm64-musl" "15.3.0"
    "@next/swc-linux-x64-gnu" "15.3.0"
    "@next/swc-linux-x64-musl" "15.3.0"
    "@next/swc-win32-arm64-msvc" "15.3.0"
    "@next/swc-win32-x64-msvc" "15.3.0"
    sharp "^0.34.1"

orderedmap@^2.0.0:
  version "2.1.1"
  resolved "https://registry.npmjs.org/orderedmap/-/orderedmap-2.1.1.tgz"
  integrity sha512-TvAWxi0nDe1j/rtMcWcIj94+Ffe6n7zhow33h40SKxmsmozs6dz/e+EajymfoFcHd7sxNn8yHM8839uixMOV6g==

picocolors@^1.0.0, picocolors@^1.1.1:
  version "1.1.1"
  resolved "https://registry.npmjs.org/picocolors/-/picocolors-1.1.1.tgz"
  integrity sha512-xceH2snhtb5M9liqDsmEw56le376mTZkEX/jEb/RxNFyegNul7eNslCXP9FDj/Lcu0X8KEyMceP2ntpaHrDEVA==

postcss@^8.4.41:
  version "8.5.3"
  resolved "https://registry.npmjs.org/postcss/-/postcss-8.5.3.tgz"
  integrity sha512-dle9A3yYxlBSrt8Fu+IpjGT8SY8hN0mlaA6GY8t0P5PjIOZemULz/E2Bnm/2dcUOena75OTNkHI76uZBNUUq3A==
  dependencies:
    nanoid "^3.3.8"
    picocolors "^1.1.1"
    source-map-js "^1.2.1"

postcss@8.4.31:
  version "8.4.31"
  resolved "https://registry.npmjs.org/postcss/-/postcss-8.4.31.tgz"
  integrity sha512-PS08Iboia9mts/2ygV3eLpY5ghnUcfLV/EXTOW1E2qYxJKGGBUtNjN76FYHnMs36RmARn41bC0AZmn+rR0OVpQ==
  dependencies:
    nanoid "^3.3.6"
    picocolors "^1.0.0"
    source-map-js "^1.0.2"

prosemirror-changeset@^2.2.1:
  version "2.2.1"
  resolved "https://registry.npmjs.org/prosemirror-changeset/-/prosemirror-changeset-2.2.1.tgz"
  integrity sha512-J7msc6wbxB4ekDFj+n9gTW/jav/p53kdlivvuppHsrZXCaQdVgRghoZbSS3kwrRyAstRVQ4/+u5k7YfLgkkQvQ==
  dependencies:
    prosemirror-transform "^1.0.0"

prosemirror-collab@^1.3.1:
  version "1.3.1"
  resolved "https://registry.npmjs.org/prosemirror-collab/-/prosemirror-collab-1.3.1.tgz"
  integrity sha512-4SnynYR9TTYaQVXd/ieUvsVV4PDMBzrq2xPUWutHivDuOshZXqQ5rGbZM84HEaXKbLdItse7weMGOUdDVcLKEQ==
  dependencies:
    prosemirror-state "^1.0.0"

prosemirror-commands@^1.0.0, prosemirror-commands@^1.6.2:
  version "1.7.0"
  resolved "https://registry.npmjs.org/prosemirror-commands/-/prosemirror-commands-1.7.0.tgz"
  integrity sha512-6toodS4R/Aah5pdsrIwnTYPEjW70SlO5a66oo5Kk+CIrgJz3ukOoS+FYDGqvQlAX5PxoGWDX1oD++tn5X3pyRA==
  dependencies:
    prosemirror-model "^1.0.0"
    prosemirror-state "^1.0.0"
    prosemirror-transform "^1.10.2"

prosemirror-dropcursor@^1.8.1:
  version "1.8.1"
  resolved "https://registry.npmjs.org/prosemirror-dropcursor/-/prosemirror-dropcursor-1.8.1.tgz"
  integrity sha512-M30WJdJZLyXHi3N8vxN6Zh5O8ZBbQCz0gURTfPmTIBNQ5pxrdU7A58QkNqfa98YEjSAL1HUyyU34f6Pm5xBSGw==
  dependencies:
    prosemirror-state "^1.0.0"
    prosemirror-transform "^1.1.0"
    prosemirror-view "^1.1.0"

prosemirror-gapcursor@^1.3.2:
  version "1.3.2"
  resolved "https://registry.npmjs.org/prosemirror-gapcursor/-/prosemirror-gapcursor-1.3.2.tgz"
  integrity sha512-wtjswVBd2vaQRrnYZaBCbyDqr232Ed4p2QPtRIUK5FuqHYKGWkEwl08oQM4Tw7DOR0FsasARV5uJFvMZWxdNxQ==
  dependencies:
    prosemirror-keymap "^1.0.0"
    prosemirror-model "^1.0.0"
    prosemirror-state "^1.0.0"
    prosemirror-view "^1.0.0"

prosemirror-history@^1.0.0, prosemirror-history@^1.4.1:
  version "1.4.1"
  resolved "https://registry.npmjs.org/prosemirror-history/-/prosemirror-history-1.4.1.tgz"
  integrity sha512-2JZD8z2JviJrboD9cPuX/Sv/1ChFng+xh2tChQ2X4bB2HeK+rra/bmJ3xGntCcjhOqIzSDG6Id7e8RJ9QPXLEQ==
  dependencies:
    prosemirror-state "^1.2.2"
    prosemirror-transform "^1.0.0"
    prosemirror-view "^1.31.0"
    rope-sequence "^1.3.0"

prosemirror-inputrules@^1.4.0:
  version "1.5.0"
  resolved "https://registry.npmjs.org/prosemirror-inputrules/-/prosemirror-inputrules-1.5.0.tgz"
  integrity sha512-K0xJRCmt+uSw7xesnHmcn72yBGTbY45vm8gXI4LZXbx2Z0jwh5aF9xrGQgrVPu0WbyFVFF3E/o9VhJYz6SQWnA==
  dependencies:
    prosemirror-state "^1.0.0"
    prosemirror-transform "^1.0.0"

prosemirror-keymap@^1.0.0, prosemirror-keymap@^1.2.2:
  version "1.2.2"
  resolved "https://registry.npmjs.org/prosemirror-keymap/-/prosemirror-keymap-1.2.2.tgz"
  integrity sha512-EAlXoksqC6Vbocqc0GtzCruZEzYgrn+iiGnNjsJsH4mrnIGex4qbLdWWNza3AW5W36ZRrlBID0eM6bdKH4OStQ==
  dependencies:
    prosemirror-state "^1.0.0"
    w3c-keyname "^2.2.0"

prosemirror-markdown@^1.13.1:
  version "1.13.2"
  resolved "https://registry.npmjs.org/prosemirror-markdown/-/prosemirror-markdown-1.13.2.tgz"
  integrity sha512-FPD9rHPdA9fqzNmIIDhhnYQ6WgNoSWX9StUZ8LEKapaXU9i6XgykaHKhp6XMyXlOWetmaFgGDS/nu/w9/vUc5g==
  dependencies:
    "@types/markdown-it" "^14.0.0"
    markdown-it "^14.0.0"
    prosemirror-model "^1.25.0"

prosemirror-menu@^1.2.4:
  version "1.2.4"
  resolved "https://registry.npmjs.org/prosemirror-menu/-/prosemirror-menu-1.2.4.tgz"
  integrity sha512-S/bXlc0ODQup6aiBbWVsX/eM+xJgCTAfMq/nLqaO5ID/am4wS0tTCIkzwytmao7ypEtjj39i7YbJjAgO20mIqA==
  dependencies:
    crelt "^1.0.0"
    prosemirror-commands "^1.0.0"
    prosemirror-history "^1.0.0"
    prosemirror-state "^1.0.0"

prosemirror-model@^1.0.0, prosemirror-model@^1.20.0, prosemirror-model@^1.21.0, prosemirror-model@^1.22.1, prosemirror-model@^1.23.0, prosemirror-model@^1.24.1, prosemirror-model@^1.25.0, prosemirror-model@^1.7.1:
  version "1.25.0"
  resolved "https://registry.npmjs.org/prosemirror-model/-/prosemirror-model-1.25.0.tgz"
  integrity sha512-/8XUmxWf0pkj2BmtqZHYJipTBMHIdVjuvFzMvEoxrtyGNmfvdhBiRwYt/eFwy2wA9DtBW3RLqvZnjurEkHaFCw==
  dependencies:
    orderedmap "^2.0.0"

prosemirror-schema-basic@^1.2.3:
  version "1.2.4"
  resolved "https://registry.npmjs.org/prosemirror-schema-basic/-/prosemirror-schema-basic-1.2.4.tgz"
  integrity sha512-ELxP4TlX3yr2v5rM7Sb70SqStq5NvI15c0j9j/gjsrO5vaw+fnnpovCLEGIcpeGfifkuqJwl4fon6b+KdrODYQ==
  dependencies:
    prosemirror-model "^1.25.0"

prosemirror-schema-list@^1.4.1:
  version "1.5.1"
  resolved "https://registry.npmjs.org/prosemirror-schema-list/-/prosemirror-schema-list-1.5.1.tgz"
  integrity sha512-927lFx/uwyQaGwJxLWCZRkjXG0p48KpMj6ueoYiu4JX05GGuGcgzAy62dfiV8eFZftgyBUvLx76RsMe20fJl+Q==
  dependencies:
    prosemirror-model "^1.0.0"
    prosemirror-state "^1.0.0"
    prosemirror-transform "^1.7.3"

prosemirror-state@^1.0.0, prosemirror-state@^1.2.2, prosemirror-state@^1.2.3, prosemirror-state@^1.4.2, prosemirror-state@^1.4.3:
  version "1.4.3"
  resolved "https://registry.npmjs.org/prosemirror-state/-/prosemirror-state-1.4.3.tgz"
  integrity sha512-goFKORVbvPuAQaXhpbemJFRKJ2aixr+AZMGiquiqKxaucC6hlpHNZHWgz5R7dS4roHiwq9vDctE//CZ++o0W1Q==
  dependencies:
    prosemirror-model "^1.0.0"
    prosemirror-transform "^1.0.0"
    prosemirror-view "^1.27.0"

prosemirror-tables@^1.6.4:
  version "1.6.4"
  resolved "https://registry.npmjs.org/prosemirror-tables/-/prosemirror-tables-1.6.4.tgz"
  integrity sha512-TkDY3Gw52gRFRfRn2f4wJv5WOgAOXLJA2CQJYIJ5+kdFbfj3acR4JUW6LX2e1hiEBiUwvEhzH5a3cZ5YSztpIA==
  dependencies:
    prosemirror-keymap "^1.2.2"
    prosemirror-model "^1.24.1"
    prosemirror-state "^1.4.3"
    prosemirror-transform "^1.10.2"
    prosemirror-view "^1.37.2"

prosemirror-trailing-node@^3.0.0:
  version "3.0.0"
  resolved "https://registry.npmjs.org/prosemirror-trailing-node/-/prosemirror-trailing-node-3.0.0.tgz"
  integrity sha512-xiun5/3q0w5eRnGYfNlW1uU9W6x5MoFKWwq/0TIRgt09lv7Hcser2QYV8t4muXbEr+Fwo0geYn79Xs4GKywrRQ==
  dependencies:
    "@remirror/core-constants" "3.0.0"
    escape-string-regexp "^4.0.0"

prosemirror-transform@^1.0.0, prosemirror-transform@^1.1.0, prosemirror-transform@^1.10.2, prosemirror-transform@^1.7.3:
  version "1.10.3"
  resolved "https://registry.npmjs.org/prosemirror-transform/-/prosemirror-transform-1.10.3.tgz"
  integrity sha512-Nhh/+1kZGRINbEHmVu39oynhcap4hWTs/BlU7NnxWj3+l0qi8I1mu67v6mMdEe/ltD8hHvU4FV6PHiCw2VSpMw==
  dependencies:
    prosemirror-model "^1.21.0"

prosemirror-view@^1.0.0, prosemirror-view@^1.1.0, prosemirror-view@^1.27.0, prosemirror-view@^1.31.0, prosemirror-view@^1.33.8, prosemirror-view@^1.37.0, prosemirror-view@^1.37.2, prosemirror-view@^1.9.10:
  version "1.39.1"
  resolved "https://registry.npmjs.org/prosemirror-view/-/prosemirror-view-1.39.1.tgz"
  integrity sha512-GhLxH1xwnqa5VjhJ29LfcQITNDp+f1jzmMPXQfGW9oNrF0lfjPzKvV5y/bjIQkyKpwCX3Fp+GA4dBpMMk8g+ZQ==
  dependencies:
    prosemirror-model "^1.20.0"
    prosemirror-state "^1.0.0"
    prosemirror-transform "^1.1.0"

punycode.js@^2.3.1:
  version "2.3.1"
  resolved "https://registry.npmjs.org/punycode.js/-/punycode.js-2.3.1.tgz"
  integrity sha512-uxFIHU0YlHYhDQtV4R9J6a52SLx28BCjT+4ieh7IGbgwVJWO+km431c4yRlREUAsAmt/uMjQUyQHNEPf0M39CA==

"react-dom@^17.0.0 || ^18.0.0 || ^19.0.0", "react-dom@^18.2.0 || 19.0.0-rc-de68d2f4-20241204 || ^19.0.0", react-dom@^19.0.0:
  version "19.1.0"
  resolved "https://registry.npmjs.org/react-dom/-/react-dom-19.1.0.tgz"
  integrity sha512-Xs1hdnE+DyKgeHJeJznQmYMIBG3TKIHJJT95Q58nHLSrElKlGQqDTR2HQ9fx5CN/Gk6Vh/kupBTDLU11/nDk/g==
  dependencies:
    scheduler "^0.26.0"

"react@^16.11.0 || ^17.0.0 || ^18.0.0 || ^19.0.0", "react@^16.5.1 || ^17.0.0 || ^18.0.0 || ^19.0.0", "react@^16.8.0 || ^17.0.0 || ^18.0.0 || ^19.0.0", "react@^17.0.0 || ^18.0.0 || ^19.0.0", "react@^18.2.0 || 19.0.0-rc-de68d2f4-20241204 || ^19.0.0", react@^19.0.0, react@^19.1.0, "react@>= 16.8.0 || 17.x.x || ^18.0.0-0 || ^19.0.0-0":
  version "19.1.0"
  resolved "https://registry.npmjs.org/react/-/react-19.1.0.tgz"
  integrity sha512-FS+XFBNvn3GTAWq26joslQgWNoFu08F4kl0J4CgdNKADkdSGXQyTCnKteIAJy96Br6YbpEU1LSzV5dYtjMkMDg==

rope-sequence@^1.3.0:
  version "1.3.4"
  resolved "https://registry.npmjs.org/rope-sequence/-/rope-sequence-1.3.4.tgz"
  integrity sha512-UT5EDe2cu2E/6O4igUr5PSFs23nvvukicWHx6GnOPlHAiiYbzNuCRQCuiUdHJQcqKalLKlrYJnjY0ySGsXNQXQ==

scheduler@^0.26.0:
  version "0.26.0"
  resolved "https://registry.npmjs.org/scheduler/-/scheduler-0.26.0.tgz"
  integrity sha512-NlHwttCI/l5gCPR3D1nNXtWABUmBwvZpEQiD4IXSbIDq8BzLIK/7Ir5gTFSGZDUu37K5cMNp0hFtzO38sC7gWA==

semver@^7.7.1:
  version "7.7.1"
  resolved "https://registry.npmjs.org/semver/-/semver-7.7.1.tgz"
  integrity sha512-hlq8tAfn0m/61p4BVRcPzIGr6LKiMwo4VM6dGi6pt4qcRkmNzTcWq6eCEjEh+qXjkMDvPlOFFSGwQjoEa6gyMA==

sharp@^0.34.1:
  version "0.34.1"
  resolved "https://registry.npmjs.org/sharp/-/sharp-0.34.1.tgz"
  integrity sha512-1j0w61+eVxu7DawFJtnfYcvSv6qPFvfTaqzTQ2BLknVhHTwGS8sc63ZBF4rzkWMBVKybo4S5OBtDdZahh2A1xg==
  dependencies:
    color "^4.2.3"
    detect-libc "^2.0.3"
    semver "^7.7.1"
  optionalDependencies:
    "@img/sharp-darwin-arm64" "0.34.1"
    "@img/sharp-darwin-x64" "0.34.1"
    "@img/sharp-libvips-darwin-arm64" "1.1.0"
    "@img/sharp-libvips-darwin-x64" "1.1.0"
    "@img/sharp-libvips-linux-arm" "1.1.0"
    "@img/sharp-libvips-linux-arm64" "1.1.0"
    "@img/sharp-libvips-linux-ppc64" "1.1.0"
    "@img/sharp-libvips-linux-s390x" "1.1.0"
    "@img/sharp-libvips-linux-x64" "1.1.0"
    "@img/sharp-libvips-linuxmusl-arm64" "1.1.0"
    "@img/sharp-libvips-linuxmusl-x64" "1.1.0"
    "@img/sharp-linux-arm" "0.34.1"
    "@img/sharp-linux-arm64" "0.34.1"
    "@img/sharp-linux-s390x" "0.34.1"
    "@img/sharp-linux-x64" "0.34.1"
    "@img/sharp-linuxmusl-arm64" "0.34.1"
    "@img/sharp-linuxmusl-x64" "0.34.1"
    "@img/sharp-wasm32" "0.34.1"
    "@img/sharp-win32-ia32" "0.34.1"
    "@img/sharp-win32-x64" "0.34.1"

simple-swizzle@^0.2.2:
  version "0.2.2"
  resolved "https://registry.npmjs.org/simple-swizzle/-/simple-swizzle-0.2.2.tgz"
  integrity sha512-JA//kQgZtbuY83m+xT+tXJkmJncGMTFT+C+g2h2R9uxkYIrE2yy9sgmcLhCnw57/WSD+Eh3J97FPEDFnbXnDUg==
  dependencies:
    is-arrayish "^0.3.1"

source-map-js@^1.0.2, source-map-js@^1.2.1:
  version "1.2.1"
  resolved "https://registry.npmjs.org/source-map-js/-/source-map-js-1.2.1.tgz"
  integrity sha512-UXWMKhLOwVKb728IUtQPXxfYU+usdybtUrK/8uGE8CQMvrhOpwvzDBwj0QhSL7MQc7vIsISBG8VQ8+IDQxpfQA==

streamsearch@^1.1.0:
  version "1.1.0"
  resolved "https://registry.npmjs.org/streamsearch/-/streamsearch-1.1.0.tgz"
  integrity sha512-Mcc5wHehp9aXz1ax6bZUyY5afg9u2rv5cqQI3mRrYkGC8rW2hM02jWuwjtL++LS5qinSyhj2QfLyNsuc+VsExg==

styled-jsx@5.1.6:
  version "5.1.6"
  resolved "https://registry.npmjs.org/styled-jsx/-/styled-jsx-5.1.6.tgz"
  integrity sha512-qSVyDTeMotdvQYoHWLNGwRFJHC+i+ZvdBRYosOFgC+Wg1vx4frN2/RG/NA7SYqqvKNLf39P2LSRA2pu6n0XYZA==
  dependencies:
    client-only "0.0.1"

swr@^2.3.3:
  version "2.3.3"
  resolved "https://registry.npmjs.org/swr/-/swr-2.3.3.tgz"
  integrity sha512-dshNvs3ExOqtZ6kJBaAsabhPdHyeY4P2cKwRCniDVifBMoG/SVI7tfLWqPXriVspf2Rg4tPzXJTnwaihIeFw2A==
  dependencies:
    dequal "^2.0.3"
    use-sync-external-store "^1.4.0"

tailwindcss@^4, tailwindcss@4.1.3:
  version "4.1.3"
  resolved "https://registry.npmjs.org/tailwindcss/-/tailwindcss-4.1.3.tgz"
  integrity sha512-2Q+rw9vy1WFXu5cIxlvsabCwhU2qUwodGq03ODhLJ0jW4ek5BUtoCsnLB0qG+m8AHgEsSJcJGDSDe06FXlP74g==

tapable@^2.2.0:
  version "2.2.1"
  resolved "https://registry.npmjs.org/tapable/-/tapable-2.2.1.tgz"
  integrity sha512-GNzQvQTOIP6RyTfE2Qxb8ZVlNmw0n88vp1szwWRimP02mnTsx3Wtn5qRdqY9w2XduFNUgvOwhNnQsjwCp+kqaQ==

tippy.js@^6.3.7:
  version "6.3.7"
  resolved "https://registry.npmjs.org/tippy.js/-/tippy.js-6.3.7.tgz"
  integrity sha512-E1d3oP2emgJ9dRQZdf3Kkn0qJgI6ZLpyS5z6ZkY1DF3kaQaBsGZsndEpHwx+eC+tYM41HaSNvNtLx8tU57FzTQ==
  dependencies:
    "@popperjs/core" "^2.9.0"

tslib@^2.8.0:
  version "2.8.1"
  resolved "https://registry.npmjs.org/tslib/-/tslib-2.8.1.tgz"
  integrity sha512-oJFu94HQb+KVduSUQL7wnpmqnfmLsOA/nAh6b6EH0wCEoK0/mPeXU6c3wKDV83MkOuHPRHtSXKKU99IBazS/2w==

typescript@^5:
  version "5.8.3"
  resolved "https://registry.npmjs.org/typescript/-/typescript-5.8.3.tgz"
  integrity sha512-p1diW6TqL9L07nNxvRMM7hMMw4c5XOo/1ibL4aAIGmSAt9slTE1Xgw5KWuof2uTOvCg9BY7ZRi+GaF+7sfgPeQ==

uc.micro@^2.0.0, uc.micro@^2.1.0:
  version "2.1.0"
  resolved "https://registry.npmjs.org/uc.micro/-/uc.micro-2.1.0.tgz"
  integrity sha512-ARDJmphmdvUk6Glw7y9DQ2bFkKBHwQHLi2lsaH6PPmz/Ka9sFOBsBluozhDltWmnv9u/cF6Rt87znRTPV+yp/A==

undici-types@~6.19.2:
  version "6.19.8"
  resolved "https://registry.npmjs.org/undici-types/-/undici-types-6.19.8.tgz"
  integrity sha512-ve2KP6f/JnbPBFyobGHuerC9g1FYGn/F8n1LWTwNxCEzd6IfqTwUQcNXgEtmmQ6DlRrC1hrSrBnCZPokRrDHjw==

use-sync-external-store@^1, use-sync-external-store@^1.4.0:
  version "1.5.0"
  resolved "https://registry.npmjs.org/use-sync-external-store/-/use-sync-external-store-1.5.0.tgz"
  integrity sha512-Rb46I4cGGVBmjamjphe8L/UnvJD+uPPtTkNvX5mZgqdbavhI4EbgIWJiIHXJ8bc/i9EQGPRh4DwEURJ552Do0A==

w3c-keyname@^2.2.0:
  version "2.2.8"
  resolved "https://registry.npmjs.org/w3c-keyname/-/w3c-keyname-2.2.8.tgz"
  integrity sha512-dpojBhNsCNN7T82Tm7k26A6G9ML3NkhDsnw9n/eoxSRlVBB4CEtIQ/KTCLI2Fwf3ataSXRhYFkQi3SlnFwPvPQ==

y-prosemirror@^1.2.11, y-prosemirror@^1.3.2:
  version "1.3.2"
  resolved "https://registry.npmjs.org/y-prosemirror/-/y-prosemirror-1.3.2.tgz"
  integrity sha512-SBzinIayQIwkRYfXpvyHdOmk1gNWLG8/dj4tLHU7MdW+gphrSgJ+6RDi9Vu371wgvzCYyJvn9iHEVDqAQxkkTQ==
  dependencies:
    lib0 "^0.2.100"

y-protocols@^1.0.1, y-protocols@^1.0.6:
  version "1.0.6"
  resolved "https://registry.npmjs.org/y-protocols/-/y-protocols-1.0.6.tgz"
  integrity sha512-vHRF2L6iT3rwj1jub/K5tYcTT/mEYDUppgNPXwp8fmLpui9f7Yeq3OEtTLVF012j39QnV+KEQpNqoN7CWU7Y9Q==
  dependencies:
    lib0 "^0.2.85"

yjs@^13.0.0, yjs@^13.5.38, yjs@^13.6.24:
  version "13.6.24"
  resolved "https://registry.npmjs.org/yjs/-/yjs-13.6.24.tgz"
  integrity sha512-xn/pYLTZa3uD1uDG8lpxfLRo5SR/rp0frdASOl2a71aYNvUXdWcLtVL91s2y7j+Q8ppmjZ9H3jsGVgoFMbT2VA==
  dependencies:
    lib0 "^0.2.99"
